// !$*UTF8*$!
{
	archiveVersion = 1;
	classes = {
	};
	objectVersion = 56;
	objects = {

/* Begin PBXBuildFile section */
		466E89432B3D87420043EC46 /* AppDelegate.m in Sources */ = {isa = PBXBuildFile; fileRef = 466E89422B3D87420043EC46 /* AppDelegate.m */; };
		466E89462B3D87420043EC46 /* SceneDelegate.m in Sources */ = {isa = PBXBuildFile; fileRef = 466E89452B3D87420043EC46 /* SceneDelegate.m */; };
		466E89492B3D87420043EC46 /* ViewController.m in Sources */ = {isa = PBXBuildFile; fileRef = 466E89482B3D87420043EC46 /* ViewController.m */; };
		466E894C2B3D87420043EC46 /* Main.storyboard in Resources */ = {isa = PBXBuildFile; fileRef = 466E894A2B3D87420043EC46 /* Main.storyboard */; };
		466E894E2B3D87430043EC46 /* Assets.xcassets in Resources */ = {isa = PBXBuildFile; fileRef = 466E894D2B3D87430043EC46 /* Assets.xcassets */; };
		466E89512B3D87430043EC46 /* LaunchScreen.storyboard in Resources */ = {isa = PBXBuildFile; fileRef = 466E894F2B3D87430043EC46 /* LaunchScreen.storyboard */; };
		466E89542B3D87430043EC46 /* main.m in Sources */ = {isa = PBXBuildFile; fileRef = 466E89532B3D87430043EC46 /* main.m */; };
		466E895B2B3D8D4D0043EC46 /* GoogleService-Info.plist in Resources */ = {isa = PBXBuildFile; fileRef = 466E895A2B3D8D4D0043EC46 /* GoogleService-Info.plist */; };
		861E6B8F37F9A7B2DAC16981 /* Pods_database_bug.framework in Frameworks */ = {isa = PBXBuildFile; fileRef = 085B15FE78EBC29B87909D5E /* Pods_database_bug.framework */; };
/* End PBXBuildFile section */

/* Begin PBXFileReference section */
		085B15FE78EBC29B87909D5E /* Pods_database_bug.framework */ = {isa = PBXFileReference; explicitFileType = wrapper.framework; includeInIndex = 0; path = Pods_database_bug.framework; sourceTree = BUILT_PRODUCTS_DIR; };
		466E893E2B3D87420043EC46 /* database-bug.app */ = {isa = PBXFileReference; explicitFileType = wrapper.application; includeInIndex = 0; path = "database-bug.app"; sourceTree = BUILT_PRODUCTS_DIR; };
		466E89412B3D87420043EC46 /* AppDelegate.h */ = {isa = PBXFileReference; lastKnownFileType = sourcecode.c.h; path = AppDelegate.h; sourceTree = "<group>"; };
		466E89422B3D87420043EC46 /* AppDelegate.m */ = {isa = PBXFileReference; lastKnownFileType = sourcecode.c.objc; path = AppDelegate.m; sourceTree = "<group>"; };
		466E89442B3D87420043EC46 /* SceneDelegate.h */ = {isa = PBXFileReference; lastKnownFileType = sourcecode.c.h; path = SceneDelegate.h; sourceTree = "<group>"; };
		466E89452B3D87420043EC46 /* SceneDelegate.m */ = {isa = PBXFileReference; lastKnownFileType = sourcecode.c.objc; path = SceneDelegate.m; sourceTree = "<group>"; };
		466E89472B3D87420043EC46 /* ViewController.h */ = {isa = PBXFileReference; lastKnownFileType = sourcecode.c.h; path = ViewController.h; sourceTree = "<group>"; };
		466E89482B3D87420043EC46 /* ViewController.m */ = {isa = PBXFileReference; lastKnownFileType = sourcecode.c.objc; path = ViewController.m; sourceTree = "<group>"; };
		466E894B2B3D87420043EC46 /* Base */ = {isa = PBXFileReference; lastKnownFileType = file.storyboard; name = Base; path = Base.lproj/Main.storyboard; sourceTree = "<group>"; };
		466E894D2B3D87430043EC46 /* Assets.xcassets */ = {isa = PBXFileReference; lastKnownFileType = folder.assetcatalog; path = Assets.xcassets; sourceTree = "<group>"; };
		466E89502B3D87430043EC46 /* Base */ = {isa = PBXFileReference; lastKnownFileType = file.storyboard; name = Base; path = Base.lproj/LaunchScreen.storyboard; sourceTree = "<group>"; };
		466E89522B3D87430043EC46 /* Info.plist */ = {isa = PBXFileReference; lastKnownFileType = text.plist.xml; path = Info.plist; sourceTree = "<group>"; };
		466E89532B3D87430043EC46 /* main.m */ = {isa = PBXFileReference; lastKnownFileType = sourcecode.c.objc; path = main.m; sourceTree = "<group>"; };
		466E895A2B3D8D4D0043EC46 /* GoogleService-Info.plist */ = {isa = PBXFileReference; fileEncoding = 4; lastKnownFileType = text.plist.xml; path = "GoogleService-Info.plist"; sourceTree = "<group>"; };
		5A3C5E233C72F6CEDC52CD5C /* Pods-database-bug.debug.xcconfig */ = {isa = PBXFileReference; includeInIndex = 1; lastKnownFileType = text.xcconfig; name = "Pods-database-bug.debug.xcconfig"; path = "Target Support Files/Pods-database-bug/Pods-database-bug.debug.xcconfig"; sourceTree = "<group>"; };
		C9C788A88351564AFE2FDF59 /* Pods-database-bug.release.xcconfig */ = {isa = PBXFileReference; includeInIndex = 1; lastKnownFileType = text.xcconfig; name = "Pods-database-bug.release.xcconfig"; path = "Target Support Files/Pods-database-bug/Pods-database-bug.release.xcconfig"; sourceTree = "<group>"; };
/* End PBXFileReference section */

/* Begin PBXFrameworksBuildPhase section */
		466E893B2B3D87420043EC46 /* Frameworks */ = {
			isa = PBXFrameworksBuildPhase;
			buildActionMask = 2147483647;
			files = (
				861E6B8F37F9A7B2DAC16981 /* Pods_database_bug.framework in Frameworks */,
			);
			runOnlyForDeploymentPostprocessing = 0;
		};
/* End PBXFrameworksBuildPhase section */

/* Begin PBXGroup section */
		03C4B00B45696383AC474F69 /* Pods */ = {
			isa = PBXGroup;
			children = (
				5A3C5E233C72F6CEDC52CD5C /* Pods-database-bug.debug.xcconfig */,
				C9C788A88351564AFE2FDF59 /* Pods-database-bug.release.xcconfig */,
			);
			path = Pods;
			sourceTree = "<group>";
		};
		265BCEFEE9131CEF96A7549A /* Frameworks */ = {
			isa = PBXGroup;
			children = (
				085B15FE78EBC29B87909D5E /* Pods_database_bug.framework */,
			);
			name = Frameworks;
			sourceTree = "<group>";
		};
		466E89352B3D87420043EC46 = {
			isa = PBXGroup;
			children = (
				466E895A2B3D8D4D0043EC46 /* GoogleService-Info.plist */,
				466E89402B3D87420043EC46 /* database-bug */,
				466E893F2B3D87420043EC46 /* Products */,
				03C4B00B45696383AC474F69 /* Pods */,
				265BCEFEE9131CEF96A7549A /* Frameworks */,
			);
			sourceTree = "<group>";
		};
		466E893F2B3D87420043EC46 /* Products */ = {
			isa = PBXGroup;
			children = (
				466E893E2B3D87420043EC46 /* database-bug.app */,
			);
			name = Products;
			sourceTree = "<group>";
		};
		466E89402B3D87420043EC46 /* database-bug */ = {
			isa = PBXGroup;
			children = (
				466E89412B3D87420043EC46 /* AppDelegate.h */,
				466E89422B3D87420043EC46 /* AppDelegate.m */,
				466E89442B3D87420043EC46 /* SceneDelegate.h */,
				466E89452B3D87420043EC46 /* SceneDelegate.m */,
				466E89472B3D87420043EC46 /* ViewController.h */,
				466E89482B3D87420043EC46 /* ViewController.m */,
				466E894A2B3D87420043EC46 /* Main.storyboard */,
				466E894D2B3D87430043EC46 /* Assets.xcassets */,
				466E894F2B3D87430043EC46 /* LaunchScreen.storyboard */,
				466E89522B3D87430043EC46 /* Info.plist */,
				466E89532B3D87430043EC46 /* main.m */,
			);
			path = "database-bug";
			sourceTree = "<group>";
		};
/* End PBXGroup section */

/* Begin PBXNativeTarget section */
		466E893D2B3D87420043EC46 /* database-bug */ = {
			isa = PBXNativeTarget;
			buildConfigurationList = 466E89572B3D87430043EC46 /* Build configuration list for PBXNativeTarget "database-bug" */;
			buildPhases = (
				BDCE1BF18ABA8BD0E8567908 /* [CP] Check Pods Manifest.lock */,
				466E893A2B3D87420043EC46 /* Sources */,
				466E893B2B3D87420043EC46 /* Frameworks */,
				466E893C2B3D87420043EC46 /* Resources */,
				419C7A3CE677AB41CD5DF695 /* [CP] Embed Pods Frameworks */,
			);
			buildRules = (
			);
			dependencies = (
			);
			name = "database-bug";
			productName = "database-bug";
			productReference = 466E893E2B3D87420043EC46 /* database-bug.app */;
			productType = "com.apple.product-type.application";
		};
/* End PBXNativeTarget section */

/* Begin PBXProject section */
		466E89362B3D87420043EC46 /* Project object */ = {
			isa = PBXProject;
			attributes = {
				BuildIndependentTargetsInParallel = 1;
				LastUpgradeCheck = 1510;
				TargetAttributes = {
					466E893D2B3D87420043EC46 = {
						CreatedOnToolsVersion = 15.1;
					};
				};
			};
			buildConfigurationList = 466E89392B3D87420043EC46 /* Build configuration list for PBXProject "database-bug" */;
			compatibilityVersion = "Xcode 14.0";
			developmentRegion = en;
			hasScannedForEncodings = 0;
			knownRegions = (
				en,
				Base,
			);
			mainGroup = 466E89352B3D87420043EC46;
			productRefGroup = 466E893F2B3D87420043EC46 /* Products */;
			projectDirPath = "";
			projectRoot = "";
			targets = (
				466E893D2B3D87420043EC46 /* database-bug */,
			);
		};
/* End PBXProject section */

/* Begin PBXResourcesBuildPhase section */
		466E893C2B3D87420043EC46 /* Resources */ = {
			isa = PBXResourcesBuildPhase;
			buildActionMask = 2147483647;
			files = (
				466E89512B3D87430043EC46 /* LaunchScreen.storyboard in Resources */,
				466E895B2B3D8D4D0043EC46 /* GoogleService-Info.plist in Resources */,
				466E894E2B3D87430043EC46 /* Assets.xcassets in Resources */,
				466E894C2B3D87420043EC46 /* Main.storyboard in Resources */,
			);
			runOnlyForDeploymentPostprocessing = 0;
		};
/* End PBXResourcesBuildPhase section */

/* Begin PBXShellScriptBuildPhase section */
		419C7A3CE677AB41CD5DF695 /* [CP] Embed Pods Frameworks */ = {
			isa = PBXShellScriptBuildPhase;
			buildActionMask = 2147483647;
			files = (
			);
			inputFileListPaths = (
				"${PODS_ROOT}/Target Support Files/Pods-database-bug/Pods-database-bug-frameworks-${CONFIGURATION}-input-files.xcfilelist",
			);
			name = "[CP] Embed Pods Frameworks";
			outputFileListPaths = (
				"${PODS_ROOT}/Target Support Files/Pods-database-bug/Pods-database-bug-frameworks-${CONFIGURATION}-output-files.xcfilelist",
			);
			runOnlyForDeploymentPostprocessing = 0;
			shellPath = /bin/sh;
			shellScript = "\"${PODS_ROOT}/Target Support Files/Pods-database-bug/Pods-database-bug-frameworks.sh\"\n";
			showEnvVarsInLog = 0;
		};
		BDCE1BF18ABA8BD0E8567908 /* [CP] Check Pods Manifest.lock */ = {
			isa = PBXShellScriptBuildPhase;
			buildActionMask = 2147483647;
			files = (
			);
			inputFileListPaths = (
			);
			inputPaths = (
				"${PODS_PODFILE_DIR_PATH}/Podfile.lock",
				"${PODS_ROOT}/Manifest.lock",
			);
			name = "[CP] Check Pods Manifest.lock";
			outputFileListPaths = (
			);
			outputPaths = (
				"$(DERIVED_FILE_DIR)/Pods-database-bug-checkManifestLockResult.txt",
			);
			runOnlyForDeploymentPostprocessing = 0;
			shellPath = /bin/sh;
			shellScript = "diff \"${PODS_PODFILE_DIR_PATH}/Podfile.lock\" \"${PODS_ROOT}/Manifest.lock\" > /dev/null\nif [ $? != 0 ] ; then\n    # print error to STDERR\n    echo \"error: The sandbox is not in sync with the Podfile.lock. Run 'pod install' or update your CocoaPods installation.\" >&2\n    exit 1\nfi\n# This output is used by Xcode 'outputs' to avoid re-running this script phase.\necho \"SUCCESS\" > \"${SCRIPT_OUTPUT_FILE_0}\"\n";
			showEnvVarsInLog = 0;
		};
/* End PBXShellScriptBuildPhase section */

/* Begin PBXSourcesBuildPhase section */
		466E893A2B3D87420043EC46 /* Sources */ = {
			isa = PBXSourcesBuildPhase;
			buildActionMask = 2147483647;
			files = (
				466E89492B3D87420043EC46 /* ViewController.m in Sources */,
				466E89432B3D87420043EC46 /* AppDelegate.m in Sources */,
				466E89542B3D87430043EC46 /* main.m in Sources */,
				466E89462B3D87420043EC46 /* SceneDelegate.m in Sources */,
			);
			runOnlyForDeploymentPostprocessing = 0;
		};
/* End PBXSourcesBuildPhase section */

/* Begin PBXVariantGroup section */
		466E894A2B3D87420043EC46 /* Main.storyboard */ = {
			isa = PBXVariantGroup;
			children = (
				466E894B2B3D87420043EC46 /* Base */,
			);
			name = Main.storyboard;
			sourceTree = "<group>";
		};
		466E894F2B3D87430043EC46 /* LaunchScreen.storyboard */ = {
			isa = PBXVariantGroup;
			children = (
				466E89502B3D87430043EC46 /* Base */,
			);
			name = LaunchScreen.storyboard;
			sourceTree = "<group>";
		};
/* End PBXVariantGroup section */

/* Begin XCBuildConfiguration section */
		466E89552B3D87430043EC46 /* Debug */ = {
			isa = XCBuildConfiguration;
			buildSettings = {
				ALWAYS_SEARCH_USER_PATHS = NO;
				ASSETCATALOG_COMPILER_GENERATE_SWIFT_ASSET_SYMBOL_EXTENSIONS = YES;
				CLANG_ANALYZER_NONNULL = YES;
				CLANG_ANALYZER_NUMBER_OBJECT_CONVERSION = YES_AGGRESSIVE;
				CLANG_CXX_LANGUAGE_STANDARD = "gnu++20";
				CLANG_ENABLE_MODULES = YES;
				CLANG_ENABLE_OBJC_ARC = YES;
				CLANG_ENABLE_OBJC_WEAK = YES;
				CLANG_WARN_BLOCK_CAPTURE_AUTORELEASING = YES;
				CLANG_WARN_BOOL_CONVERSION = YES;
				CLANG_WARN_COMMA = YES;
				CLANG_WARN_CONSTANT_CONVERSION = YES;
				CLANG_WARN_DEPRECATED_OBJC_IMPLEMENTATIONS = YES;
				CLANG_WARN_DIRECT_OBJC_ISA_USAGE = YES_ERROR;
				CLANG_WARN_DOCUMENTATION_COMMENTS = YES;
				CLANG_WARN_EMPTY_BODY = YES;
				CLANG_WARN_ENUM_CONVERSION = YES;
				CLANG_WARN_INFINITE_RECURSION = YES;
				CLANG_WARN_INT_CONVERSION = YES;
				CLANG_WARN_NON_LITERAL_NULL_CONVERSION = YES;
				CLANG_WARN_OBJC_IMPLICIT_RETAIN_SELF = YES;
				CLANG_WARN_OBJC_LITERAL_CONVERSION = YES;
				CLANG_WARN_OBJC_ROOT_CLASS = YES_ERROR;
				CLANG_WARN_QUOTED_INCLUDE_IN_FRAMEWORK_HEADER = YES;
				CLANG_WARN_RANGE_LOOP_ANALYSIS = YES;
				CLANG_WARN_STRICT_PROTOTYPES = YES;
				CLANG_WARN_SUSPICIOUS_MOVE = YES;
				CLANG_WARN_UNGUARDED_AVAILABILITY = YES_AGGRESSIVE;
				CLANG_WARN_UNREACHABLE_CODE = YES;
				CLANG_WARN__DUPLICATE_METHOD_MATCH = YES;
				COPY_PHASE_STRIP = NO;
				DEBUG_INFORMATION_FORMAT = dwarf;
				ENABLE_STRICT_OBJC_MSGSEND = YES;
				ENABLE_TESTABILITY = YES;
				ENABLE_USER_SCRIPT_SANDBOXING = YES;
				GCC_C_LANGUAGE_STANDARD = gnu17;
				GCC_DYNAMIC_NO_PIC = NO;
				GCC_NO_COMMON_BLOCKS = YES;
				GCC_OPTIMIZATION_LEVEL = 0;
				GCC_PREPROCESSOR_DEFINITIONS = (
					"DEBUG=1",
					"$(inherited)",
				);
				GCC_WARN_64_TO_32_BIT_CONVERSION = YES;
				GCC_WARN_ABOUT_RETURN_TYPE = YES_ERROR;
				GCC_WARN_UNDECLARED_SELECTOR = YES;
				GCC_WARN_UNINITIALIZED_AUTOS = YES_AGGRESSIVE;
				GCC_WARN_UNUSED_FUNCTION = YES;
				GCC_WARN_UNUSED_VARIABLE = YES;
				IPHONEOS_DEPLOYMENT_TARGET = 17.2;
				LOCALIZATION_PREFERS_STRING_CATALOGS = YES;
				MTL_ENABLE_DEBUG_INFO = INCLUDE_SOURCE;
				MTL_FAST_MATH = YES;
				ONLY_ACTIVE_ARCH = YES;
				SDKROOT = iphoneos;
			};
			name = Debug;
		};
		466E89562B3D87430043EC46 /* Release */ = {
			isa = XCBuildConfiguration;
			buildSettings = {
				ALWAYS_SEARCH_USER_PATHS = NO;
				ASSETCATALOG_COMPILER_GENERATE_SWIFT_ASSET_SYMBOL_EXTENSIONS = YES;
				CLANG_ANALYZER_NONNULL = YES;
				CLANG_ANALYZER_NUMBER_OBJECT_CONVERSION = YES_AGGRESSIVE;
				CLANG_CXX_LANGUAGE_STANDARD = "gnu++20";
				CLANG_ENABLE_MODULES = YES;
				CLANG_ENABLE_OBJC_ARC = YES;
				CLANG_ENABLE_OBJC_WEAK = YES;
				CLANG_WARN_BLOCK_CAPTURE_AUTORELEASING = YES;
				CLANG_WARN_BOOL_CONVERSION = YES;
				CLANG_WARN_COMMA = YES;
				CLANG_WARN_CONSTANT_CONVERSION = YES;
				CLANG_WARN_DEPRECATED_OBJC_IMPLEMENTATIONS = YES;
				CLANG_WARN_DIRECT_OBJC_ISA_USAGE = YES_ERROR;
				CLANG_WARN_DOCUMENTATION_COMMENTS = YES;
				CLANG_WARN_EMPTY_BODY = YES;
				CLANG_WARN_ENUM_CONVERSION = YES;
				CLANG_WARN_INFINITE_RECURSION = YES;
				CLANG_WARN_INT_CONVERSION = YES;
				CLANG_WARN_NON_LITERAL_NULL_CONVERSION = YES;
				CLANG_WARN_OBJC_IMPLICIT_RETAIN_SELF = YES;
				CLANG_WARN_OBJC_LITERAL_CONVERSION = YES;
				CLANG_WARN_OBJC_ROOT_CLASS = YES_ERROR;
				CLANG_WARN_QUOTED_INCLUDE_IN_FRAMEWORK_HEADER = YES;
				CLANG_WARN_RANGE_LOOP_ANALYSIS = YES;
				CLANG_WARN_STRICT_PROTOTYPES = YES;
				CLANG_WARN_SUSPICIOUS_MOVE = YES;
				CLANG_WARN_UNGUARDED_AVAILABILITY = YES_AGGRESSIVE;
				CLANG_WARN_UNREACHABLE_CODE = YES;
				CLANG_WARN__DUPLICATE_METHOD_MATCH = YES;
				COPY_PHASE_STRIP = NO;
				DEBUG_INFORMATION_FORMAT = "dwarf-with-dsym";
				ENABLE_NS_ASSERTIONS = NO;
				ENABLE_STRICT_OBJC_MSGSEND = YES;
				ENABLE_USER_SCRIPT_SANDBOXING = YES;
				GCC_C_LANGUAGE_STANDARD = gnu17;
				GCC_NO_COMMON_BLOCKS = YES;
				GCC_WARN_64_TO_32_BIT_CONVERSION = YES;
				GCC_WARN_ABOUT_RETURN_TYPE = YES_ERROR;
				GCC_WARN_UNDECLARED_SELECTOR = YES;
				GCC_WARN_UNINITIALIZED_AUTOS = YES_AGGRESSIVE;
				GCC_WARN_UNUSED_FUNCTION = YES;
				GCC_WARN_UNUSED_VARIABLE = YES;
				IPHONEOS_DEPLOYMENT_TARGET = 17.2;
				LOCALIZATION_PREFERS_STRING_CATALOGS = YES;
				MTL_ENABLE_DEBUG_INFO = NO;
				MTL_FAST_MATH = YES;
				SDKROOT = iphoneos;
				VALIDATE_PRODUCT = YES;
			};
			name = Release;
		};
		466E89582B3D87430043EC46 /* Debug */ = {
			isa = XCBuildConfiguration;
			baseConfigurationReference = 5A3C5E233C72F6CEDC52CD5C /* Pods-database-bug.debug.xcconfig */;
			buildSettings = {
				ASSETCATALOG_COMPILER_APPICON_NAME = AppIcon;
				ASSETCATALOG_COMPILER_GLOBAL_ACCENT_COLOR_NAME = AccentColor;
				CODE_SIGN_STYLE = Automatic;
				CURRENT_PROJECT_VERSION = 1;
				DEVELOPMENT_TEAM = YYX2P3XVJ7;
				ENABLE_USER_SCRIPT_SANDBOXING = NO;
				GENERATE_INFOPLIST_FILE = YES;
				INFOPLIST_FILE = "database-bug/Info.plist";
				INFOPLIST_KEY_UIApplicationSupportsIndirectInputEvents = YES;
				INFOPLIST_KEY_UILaunchStoryboardName = LaunchScreen;
				INFOPLIST_KEY_UIMainStoryboardFile = Main;
				INFOPLIST_KEY_UISupportedInterfaceOrientations_iPad = "UIInterfaceOrientationPortrait UIInterfaceOrientationPortraitUpsideDown UIInterfaceOrientationLandscapeLeft UIInterfaceOrientationLandscapeRight";
				INFOPLIST_KEY_UISupportedInterfaceOrientations_iPhone = "UIInterfaceOrientationPortrait UIInterfaceOrientationLandscapeLeft UIInterfaceOrientationLandscapeRight";
				IPHONEOS_DEPLOYMENT_TARGET = 17.1;
				LD_RUNPATH_SEARCH_PATHS = (
					"$(inherited)",
					"@executable_path/Frameworks",
				);
				MARKETING_VERSION = 1.0;
				PRODUCT_BUNDLE_IDENTIFIER = "io.invertase.testing.database-bug";
				PRODUCT_NAME = "$(TARGET_NAME)";
				SWIFT_EMIT_LOC_STRINGS = YES;
				TARGETED_DEVICE_FAMILY = "1,2";
			};
			name = Debug;
		};
		466E89592B3D87430043EC46 /* Release */ = {
			isa = XCBuildConfiguration;
			baseConfigurationReference = C9C788A88351564AFE2FDF59 /* Pods-database-bug.release.xcconfig */;
			buildSettings = {
				ASSETCATALOG_COMPILER_APPICON_NAME = AppIcon;
				ASSETCATALOG_COMPILER_GLOBAL_ACCENT_COLOR_NAME = AccentColor;
				CODE_SIGN_STYLE = Automatic;
				CURRENT_PROJECT_VERSION = 1;
				DEVELOPMENT_TEAM = YYX2P3XVJ7;
				ENABLE_USER_SCRIPT_SANDBOXING = NO;
				GENERATE_INFOPLIST_FILE = YES;
				INFOPLIST_FILE = "database-bug/Info.plist";
				INFOPLIST_KEY_UIApplicationSupportsIndirectInputEvents = YES;
				INFOPLIST_KEY_UILaunchStoryboardName = LaunchScreen;
				INFOPLIST_KEY_UIMainStoryboardFile = Main;
				INFOPLIST_KEY_UISupportedInterfaceOrientations_iPad = "UIInterfaceOrientationPortrait UIInterfaceOrientationPortraitUpsideDown UIInterfaceOrientationLandscapeLeft UIInterfaceOrientationLandscapeRight";
				INFOPLIST_KEY_UISupportedInterfaceOrientations_iPhone = "UIInterfaceOrientationPortrait UIInterfaceOrientationLandscapeLeft UIInterfaceOrientationLandscapeRight";
				IPHONEOS_DEPLOYMENT_TARGET = 17.1;
				LD_RUNPATH_SEARCH_PATHS = (
					"$(inherited)",
					"@executable_path/Frameworks",
				);
				MARKETING_VERSION = 1.0;
				PRODUCT_BUNDLE_IDENTIFIER = "io.invertase.testing.database-bug";
				PRODUCT_NAME = "$(TARGET_NAME)";
				SWIFT_EMIT_LOC_STRINGS = YES;
				TARGETED_DEVICE_FAMILY = "1,2";
			};
			name = Release;
		};
/* End XCBuildConfiguration section */

/* Begin XCConfigurationList section */
		466E89392B3D87420043EC46 /* Build configuration list for PBXProject "database-bug" */ = {
			isa = XCConfigurationList;
			buildConfigurations = (
				466E89552B3D87430043EC46 /* Debug */,
				466E89562B3D87430043EC46 /* Release */,
			);
			defaultConfigurationIsVisible = 0;
			defaultConfigurationName = Release;
		};
		466E89572B3D87430043EC46 /* Build configuration list for PBXNativeTarget "database-bug" */ = {
			isa = XCConfigurationList;
			buildConfigurations = (
				466E89582B3D87430043EC46 /* Debug */,
				466E89592B3D87430043EC46 /* Release */,
			);
			defaultConfigurationIsVisible = 0;
			defaultConfigurationName = Release;
		};
/* End XCConfigurationList section */
	};
	rootObject = 466E89362B3D87420043EC46 /* Project object */;
}
